
Microsoft Visual Studio Solution File, Format Version 12.00
# Visual Studio Version 16
VisualStudioVersion = 16.0.29613.14
MinimumVisualStudioVersion = 10.0.40219.1
Project("{FAE04EC0-301F-11D3-BF4B-00C04F79EFBC}") = "EraseAllPopularSymb", "EraseAllPopularSymb\EraseAllPopularSymb.csproj", "{1466563B-22B7-4DA9-8EC9-F867279E6533}"
EndProject
Global
	GlobalSection(SolutionConfigurationPlatforms) = preSolution
		Debug|Any CPU = Debug|Any CPU
		Release|Any CPU = Release|Any CPU
	EndGlobalSection
	GlobalSection(ProjectConfigurationPlatforms) = postSolution
		{1466563B-22B7-4DA9-8EC9-F867279E6533}.Debug|Any CPU.ActiveCfg = Debug|Any CPU
		{1466563B-22B7-4DA9-8EC9-F867279E6533}.Debug|Any CPU.Build.0 = Debug|Any CPU
		{1466563B-22B7-4DA9-8EC9-F867279E6533}.Release|Any CPU.ActiveCfg = Release|Any CPU
		{1466563B-22B7-4DA9-8EC9-F867279E6533}.Release|Any CPU.Build.0 = Release|Any CPU
	EndGlobalSection
	GlobalSection(SolutionProperties) = preSolution
		HideSolutionNode = FALSE
	EndGlobalSection
	GlobalSection(ExtensibilityGlobals) = postSolution
		SolutionGuid = {82FE68C6-B023-413E-84FD-BEFA16537A7B}
	EndGlobalSection
EndGlobal
